
Microsoft Visual Studio Solution File, Format Version 12.00
# Visual Studio Version 17
VisualStudioVersion = 17.8.34309.116
MinimumVisualStudioVersion = 10.0.40219.1
Project("{9A19103F-16F7-4668-BE54-9A1E7A4F7556}") = "KeebSharp", "KeebSharp\KeebSharp.csproj", "{CC6FAFF3-21C6-4926-8483-AA9C673A0873}"
EndProject
Global
	GlobalSection(SolutionConfigurationPlatforms) = preSolution
		Debug|Any CPU = Debug|Any CPU
		Release|Any CPU = Release|Any CPU
	EndGlobalSection
	GlobalSection(ProjectConfigurationPlatforms) = postSolution
		{CC6FAFF3-21C6-4926-8483-AA9C673A0873}.Debug|Any CPU.ActiveCfg = Debug|Any CPU
		{CC6FAFF3-21C6-4926-8483-AA9C673A0873}.Debug|Any CPU.Build.0 = Debug|Any CPU
		{CC6FAFF3-21C6-4926-8483-AA9C673A0873}.Release|Any CPU.ActiveCfg = Release|Any CPU
		{CC6FAFF3-21C6-4926-8483-AA9C673A0873}.Release|Any CPU.Build.0 = Release|Any CPU
	EndGlobalSection
	GlobalSection(SolutionProperties) = preSolution
		HideSolutionNode = FALSE
	EndGlobalSection
	GlobalSection(ExtensibilityGlobals) = postSolution
		SolutionGuid = {C901F96A-BFDC-4866-A3EC-8B6A63B3763A}
	EndGlobalSection
EndGlobal
